
Microsoft Visual Studio Solution File, Format Version 12.00
# Visual Studio Version 16
VisualStudioVersion = 16.0.31129.286
MinimumVisualStudioVersion = 10.0.40219.1
Project("{FAE04EC0-301F-11D3-BF4B-00C04F79EFBC}") = "Lab2_234Tree", "Lab2_24Tree\Lab2_234Tree.csproj", "{BDE94C36-EA6F-4258-9C15-DFE6A6664423}"
EndProject
Global
	GlobalSection(SolutionConfigurationPlatforms) = preSolution
		Debug|Any CPU = Debug|Any CPU
		Release|Any CPU = Release|Any CPU
	EndGlobalSection
	GlobalSection(ProjectConfigurationPlatforms) = postSolution
		{BDE94C36-EA6F-4258-9C15-DFE6A6664423}.Debug|Any CPU.ActiveCfg = Debug|Any CPU
		{BDE94C36-EA6F-4258-9C15-DFE6A6664423}.Debug|Any CPU.Build.0 = Debug|Any CPU
		{BDE94C36-EA6F-4258-9C15-DFE6A6664423}.Release|Any CPU.ActiveCfg = Release|Any CPU
		{BDE94C36-EA6F-4258-9C15-DFE6A6664423}.Release|Any CPU.Build.0 = Release|Any CPU
	EndGlobalSection
	GlobalSection(SolutionProperties) = preSolution
		HideSolutionNode = FALSE
	EndGlobalSection
	GlobalSection(ExtensibilityGlobals) = postSolution
		SolutionGuid = {3D85715C-EE48-4EE7-B7AC-3F0312133AEF}
	EndGlobalSection
EndGlobal
